// !$*UTF8*$!
{
	archiveVersion = 1;
	classes = {
	};
	objectVersion = 46;
	objects = {

/* Begin PBXBuildFile section */
		D60FDBE91EFC103100C5D1E2 /* QuizCollectionViewCell.swift in Sources */ = {isa = PBXBuildFile; fileRef = D60FDBE81EFC103100C5D1E2 /* QuizCollectionViewCell.swift */; };
		D60FDBEB1EFC104400C5D1E2 /* QuizCollectionViewController.swift in Sources */ = {isa = PBXBuildFile; fileRef = D60FDBEA1EFC104400C5D1E2 /* QuizCollectionViewController.swift */; };
		D60FDBED1EFC105C00C5D1E2 /* QuizCollectionViewLayout.swift in Sources */ = {isa = PBXBuildFile; fileRef = D60FDBEC1EFC105C00C5D1E2 /* QuizCollectionViewLayout.swift */; };
		D629C50A1EFBF31500378A52 /* AppDelegate.swift in Sources */ = {isa = PBXBuildFile; fileRef = D629C5091EFBF31500378A52 /* AppDelegate.swift */; };
		D629C50F1EFBF31500378A52 /* Main.storyboard in Resources */ = {isa = PBXBuildFile; fileRef = D629C50D1EFBF31500378A52 /* Main.storyboard */; };
		D629C5111EFBF31500378A52 /* Assets.xcassets in Resources */ = {isa = PBXBuildFile; fileRef = D629C5101EFBF31500378A52 /* Assets.xcassets */; };
		D629C5141EFBF31500378A52 /* LaunchScreen.storyboard in Resources */ = {isa = PBXBuildFile; fileRef = D629C5121EFBF31500378A52 /* LaunchScreen.storyboard */; };
		D629C52A1EFBF5F400378A52 /* Question.swift in Sources */ = {isa = PBXBuildFile; fileRef = D629C5291EFBF5F400378A52 /* Question.swift */; };
		D629C52C1EFBF65400378A52 /* Option.swift in Sources */ = {isa = PBXBuildFile; fileRef = D629C52B1EFBF65400378A52 /* Option.swift */; };
		D629C5301EFBF69C00378A52 /* Shuffle.swift in Sources */ = {isa = PBXBuildFile; fileRef = D629C52F1EFBF69C00378A52 /* Shuffle.swift */; };
		D629C5321EFBF6C000378A52 /* ModalViewController.swift in Sources */ = {isa = PBXBuildFile; fileRef = D629C5311EFBF6C000378A52 /* ModalViewController.swift */; };
		D629C5341EFBF6C900378A52 /* PresentingAnimator.swift in Sources */ = {isa = PBXBuildFile; fileRef = D629C5331EFBF6C900378A52 /* PresentingAnimator.swift */; };
		D629C5361EFBF6CF00378A52 /* DismissingAnimator.swift in Sources */ = {isa = PBXBuildFile; fileRef = D629C5351EFBF6CF00378A52 /* DismissingAnimator.swift */; };
		D629C53A1EFC01AE00378A52 /* zquestions.json in Resources */ = {isa = PBXBuildFile; fileRef = D629C5391EFC01AE00378A52 /* zquestions.json */; };
		D6EBC7E11EFE8EEA009BF9F0 /* JSONFactory.swift in Sources */ = {isa = PBXBuildFile; fileRef = D6EBC7E01EFE8EEA009BF9F0 /* JSONFactory.swift */; };
		D6EBC7E31EFF5D5D009BF9F0 /* Constant.swift in Sources */ = {isa = PBXBuildFile; fileRef = D6EBC7E21EFF5D5D009BF9F0 /* Constant.swift */; };
		E2E91CC9C530B062560B7817 /* Pods_Quiz.framework in Frameworks */ = {isa = PBXBuildFile; fileRef = 143533E5D912E72BB3CDD8F8 /* Pods_Quiz.framework */; };
/* End PBXBuildFile section */

/* Begin PBXFileReference section */
		143533E5D912E72BB3CDD8F8 /* Pods_Quiz.framework */ = {isa = PBXFileReference; explicitFileType = wrapper.framework; includeInIndex = 0; path = Pods_Quiz.framework; sourceTree = BUILT_PRODUCTS_DIR; };
		14D7D2FAD6543325BC7A54AB /* Pods-QuizTests.release.xcconfig */ = {isa = PBXFileReference; includeInIndex = 1; lastKnownFileType = text.xcconfig; name = "Pods-QuizTests.release.xcconfig"; path = "Pods/Target Support Files/Pods-QuizTests/Pods-QuizTests.release.xcconfig"; sourceTree = "<group>"; };
		27E8F338D79A82C1FC24DEE1 /* Pods_QuizTests.framework */ = {isa = PBXFileReference; explicitFileType = wrapper.framework; includeInIndex = 0; path = Pods_QuizTests.framework; sourceTree = BUILT_PRODUCTS_DIR; };
		4C9C71A38E4B225B115BB109 /* Pods-Quiz.release.xcconfig */ = {isa = PBXFileReference; includeInIndex = 1; lastKnownFileType = text.xcconfig; name = "Pods-Quiz.release.xcconfig"; path = "Pods/Target Support Files/Pods-Quiz/Pods-Quiz.release.xcconfig"; sourceTree = "<group>"; };
		9500900958A43A8411CDD490 /* Pods-QuizTests.debug.xcconfig */ = {isa = PBXFileReference; includeInIndex = 1; lastKnownFileType = text.xcconfig; name = "Pods-QuizTests.debug.xcconfig"; path = "Pods/Target Support Files/Pods-QuizTests/Pods-QuizTests.debug.xcconfig"; sourceTree = "<group>"; };
		D60FDBE81EFC103100C5D1E2 /* QuizCollectionViewCell.swift */ = {isa = PBXFileReference; fileEncoding = 4; lastKnownFileType = sourcecode.swift; path = QuizCollectionViewCell.swift; sourceTree = "<group>"; };
		D60FDBEA1EFC104400C5D1E2 /* QuizCollectionViewController.swift */ = {isa = PBXFileReference; fileEncoding = 4; lastKnownFileType = sourcecode.swift; path = QuizCollectionViewController.swift; sourceTree = "<group>"; };
		D60FDBEC1EFC105C00C5D1E2 /* QuizCollectionViewLayout.swift */ = {isa = PBXFileReference; fileEncoding = 4; lastKnownFileType = sourcecode.swift; path = QuizCollectionViewLayout.swift; sourceTree = "<group>"; };
		D629C5061EFBF31500378A52 /* Quiz.app */ = {isa = PBXFileReference; explicitFileType = wrapper.application; includeInIndex = 0; path = Quiz.app; sourceTree = BUILT_PRODUCTS_DIR; };
		D629C5091EFBF31500378A52 /* AppDelegate.swift */ = {isa = PBXFileReference; lastKnownFileType = sourcecode.swift; path = AppDelegate.swift; sourceTree = "<group>"; };
		D629C50E1EFBF31500378A52 /* Base */ = {isa = PBXFileReference; lastKnownFileType = file.storyboard; name = Base; path = Base.lproj/Main.storyboard; sourceTree = "<group>"; };
		D629C5101EFBF31500378A52 /* Assets.xcassets */ = {isa = PBXFileReference; lastKnownFileType = folder.assetcatalog; path = Assets.xcassets; sourceTree = "<group>"; };
		D629C5131EFBF31500378A52 /* Base */ = {isa = PBXFileReference; lastKnownFileType = file.storyboard; name = Base; path = Base.lproj/LaunchScreen.storyboard; sourceTree = "<group>"; };
		D629C5151EFBF31500378A52 /* Info.plist */ = {isa = PBXFileReference; lastKnownFileType = text.plist.xml; path = Info.plist; sourceTree = "<group>"; };
		D629C5291EFBF5F400378A52 /* Question.swift */ = {isa = PBXFileReference; fileEncoding = 4; lastKnownFileType = sourcecode.swift; path = Question.swift; sourceTree = "<group>"; };
		D629C52B1EFBF65400378A52 /* Option.swift */ = {isa = PBXFileReference; fileEncoding = 4; lastKnownFileType = sourcecode.swift; path = Option.swift; sourceTree = "<group>"; };
		D629C52F1EFBF69C00378A52 /* Shuffle.swift */ = {isa = PBXFileReference; fileEncoding = 4; lastKnownFileType = sourcecode.swift; path = Shuffle.swift; sourceTree = "<group>"; };
		D629C5311EFBF6C000378A52 /* ModalViewController.swift */ = {isa = PBXFileReference; fileEncoding = 4; lastKnownFileType = sourcecode.swift; path = ModalViewController.swift; sourceTree = "<group>"; };
		D629C5331EFBF6C900378A52 /* PresentingAnimator.swift */ = {isa = PBXFileReference; fileEncoding = 4; lastKnownFileType = sourcecode.swift; path = PresentingAnimator.swift; sourceTree = "<group>"; };
		D629C5351EFBF6CF00378A52 /* DismissingAnimator.swift */ = {isa = PBXFileReference; fileEncoding = 4; lastKnownFileType = sourcecode.swift; path = DismissingAnimator.swift; sourceTree = "<group>"; };
		D629C5391EFC01AE00378A52 /* zquestions.json */ = {isa = PBXFileReference; fileEncoding = 4; lastKnownFileType = text.json; path = zquestions.json; sourceTree = "<group>"; };
		D6EBC7E01EFE8EEA009BF9F0 /* JSONFactory.swift */ = {isa = PBXFileReference; fileEncoding = 4; lastKnownFileType = sourcecode.swift; path = JSONFactory.swift; sourceTree = "<group>"; };
		D6EBC7E21EFF5D5D009BF9F0 /* Constant.swift */ = {isa = PBXFileReference; fileEncoding = 4; lastKnownFileType = sourcecode.swift; path = Constant.swift; sourceTree = "<group>"; };
		D6EBC7E41F00B074009BF9F0 /* Quiz-Bridging-Header.h */ = {isa = PBXFileReference; lastKnownFileType = sourcecode.c.h; path = "Quiz-Bridging-Header.h"; sourceTree = "<group>"; };
		FAFB85B5EC292DA0D33BC243 /* Pods-Quiz.debug.xcconfig */ = {isa = PBXFileReference; includeInIndex = 1; lastKnownFileType = text.xcconfig; name = "Pods-Quiz.debug.xcconfig"; path = "Pods/Target Support Files/Pods-Quiz/Pods-Quiz.debug.xcconfig"; sourceTree = "<group>"; };
/* End PBXFileReference section */

/* Begin PBXFrameworksBuildPhase section */
		D629C5031EFBF31500378A52 /* Frameworks */ = {
			isa = PBXFrameworksBuildPhase;
			buildActionMask = 2147483647;
			files = (
				E2E91CC9C530B062560B7817 /* Pods_Quiz.framework in Frameworks */,
			);
			runOnlyForDeploymentPostprocessing = 0;
		};
/* End PBXFrameworksBuildPhase section */

/* Begin PBXGroup section */
		4CEEB4E18B0770233A564BEE /* Frameworks */ = {
			isa = PBXGroup;
			children = (
				143533E5D912E72BB3CDD8F8 /* Pods_Quiz.framework */,
				27E8F338D79A82C1FC24DEE1 /* Pods_QuizTests.framework */,
			);
			name = Frameworks;
			sourceTree = "<group>";
		};
		557DD7214AA079D1AE257714 /* Pods */ = {
			isa = PBXGroup;
			children = (
				FAFB85B5EC292DA0D33BC243 /* Pods-Quiz.debug.xcconfig */,
				4C9C71A38E4B225B115BB109 /* Pods-Quiz.release.xcconfig */,
				9500900958A43A8411CDD490 /* Pods-QuizTests.debug.xcconfig */,
				14D7D2FAD6543325BC7A54AB /* Pods-QuizTests.release.xcconfig */,
			);
			name = Pods;
			sourceTree = "<group>";
		};
		D629C4FD1EFBF31500378A52 = {
			isa = PBXGroup;
			children = (
				D629C5081EFBF31500378A52 /* Quiz */,
				D629C5071EFBF31500378A52 /* Products */,
				557DD7214AA079D1AE257714 /* Pods */,
				4CEEB4E18B0770233A564BEE /* Frameworks */,
			);
			sourceTree = "<group>";
		};
		D629C5071EFBF31500378A52 /* Products */ = {
			isa = PBXGroup;
			children = (
				D629C5061EFBF31500378A52 /* Quiz.app */,
			);
			name = Products;
			sourceTree = "<group>";
		};
		D629C5081EFBF31500378A52 /* Quiz */ = {
			isa = PBXGroup;
			children = (
				D629C5391EFC01AE00378A52 /* zquestions.json */,
				D629C5091EFBF31500378A52 /* AppDelegate.swift */,
				D629C5311EFBF6C000378A52 /* ModalViewController.swift */,
				D6EBC7DB1EFE8E9F009BF9F0 /* Quiz */,
				D6EBC7DD1EFE8EB9009BF9F0 /* Model */,
				D6EBC7DF1EFE8ED2009BF9F0 /* Util */,
				D6EBC7DA1EFE8E91009BF9F0 /* Animator */,
				D6EBC7DC1EFE8EAA009BF9F0 /* Supporting Files */,
			);
			path = Quiz;
			sourceTree = "<group>";
		};
		D6EBC7DA1EFE8E91009BF9F0 /* Animator */ = {
			isa = PBXGroup;
			children = (
				D629C5331EFBF6C900378A52 /* PresentingAnimator.swift */,
				D629C5351EFBF6CF00378A52 /* DismissingAnimator.swift */,
			);
			name = Animator;
			sourceTree = "<group>";
		};
		D6EBC7DB1EFE8E9F009BF9F0 /* Quiz */ = {
			isa = PBXGroup;
			children = (
				D60FDBEA1EFC104400C5D1E2 /* QuizCollectionViewController.swift */,
				D60FDBE81EFC103100C5D1E2 /* QuizCollectionViewCell.swift */,
				D60FDBEC1EFC105C00C5D1E2 /* QuizCollectionViewLayout.swift */,
			);
			name = Quiz;
			sourceTree = "<group>";
		};
		D6EBC7DC1EFE8EAA009BF9F0 /* Supporting Files */ = {
			isa = PBXGroup;
			children = (
				D629C50D1EFBF31500378A52 /* Main.storyboard */,
				D629C5101EFBF31500378A52 /* Assets.xcassets */,
				D629C5121EFBF31500378A52 /* LaunchScreen.storyboard */,
				D629C5151EFBF31500378A52 /* Info.plist */,
				D6EBC7E41F00B074009BF9F0 /* Quiz-Bridging-Header.h */,
			);
			name = "Supporting Files";
			sourceTree = "<group>";
		};
		D6EBC7DD1EFE8EB9009BF9F0 /* Model */ = {
			isa = PBXGroup;
			children = (
				D629C5291EFBF5F400378A52 /* Question.swift */,
				D629C52B1EFBF65400378A52 /* Option.swift */,
			);
			name = Model;
			sourceTree = "<group>";
		};
		D6EBC7DF1EFE8ED2009BF9F0 /* Util */ = {
			isa = PBXGroup;
			children = (
				D629C52F1EFBF69C00378A52 /* Shuffle.swift */,
				D6EBC7E01EFE8EEA009BF9F0 /* JSONFactory.swift */,
				D6EBC7E21EFF5D5D009BF9F0 /* Constant.swift */,
			);
			name = Util;
			sourceTree = "<group>";
		};
/* End PBXGroup section */

/* Begin PBXNativeTarget section */
		D629C5051EFBF31500378A52 /* Quiz */ = {
			isa = PBXNativeTarget;
			buildConfigurationList = D629C5231EFBF31600378A52 /* Build configuration list for PBXNativeTarget "Quiz" */;
			buildPhases = (
				925E7794AD901E7CD31E5967 /* [CP] Check Pods Manifest.lock */,
				D629C5021EFBF31500378A52 /* Sources */,
				D629C5031EFBF31500378A52 /* Frameworks */,
				D629C5041EFBF31500378A52 /* Resources */,
				A7C9AEC12D0F12AC77DF142D /* [CP] Embed Pods Frameworks */,
			);
			buildRules = (
			);
			dependencies = (
			);
			name = Quiz;
			productName = Quiz;
			productReference = D629C5061EFBF31500378A52 /* Quiz.app */;
			productType = "com.apple.product-type.application";
		};
/* End PBXNativeTarget section */

/* Begin PBXProject section */
		D629C4FE1EFBF31500378A52 /* Project object */ = {
			isa = PBXProject;
			attributes = {
				LastSwiftUpdateCheck = 0830;
				LastUpgradeCheck = 1010;
				ORGANIZATIONNAME = chinsyo;
				TargetAttributes = {
					D629C5051EFBF31500378A52 = {
						CreatedOnToolsVersion = 8.3.3;
						DevelopmentTeam = 6HG44SDRA8;
						LastSwiftMigration = 1010;
						ProvisioningStyle = Automatic;
					};
				};
			};
			buildConfigurationList = D629C5011EFBF31500378A52 /* Build configuration list for PBXProject "Quiz" */;
			compatibilityVersion = "Xcode 3.2";
			developmentRegion = English;
			hasScannedForEncodings = 0;
			knownRegions = (
				en,
				Base,
			);
			mainGroup = D629C4FD1EFBF31500378A52;
			productRefGroup = D629C5071EFBF31500378A52 /* Products */;
			projectDirPath = "";
			projectRoot = "";
			targets = (
				D629C5051EFBF31500378A52 /* Quiz */,
			);
		};
/* End PBXProject section */

/* Begin PBXResourcesBuildPhase section */
		D629C5041EFBF31500378A52 /* Resources */ = {
			isa = PBXResourcesBuildPhase;
			buildActionMask = 2147483647;
			files = (
				D629C53A1EFC01AE00378A52 /* zquestions.json in Resources */,
				D629C5141EFBF31500378A52 /* LaunchScreen.storyboard in Resources */,
				D629C5111EFBF31500378A52 /* Assets.xcassets in Resources */,
				D629C50F1EFBF31500378A52 /* Main.storyboard in Resources */,
			);
			runOnlyForDeploymentPostprocessing = 0;
		};
/* End PBXResourcesBuildPhase section */

/* Begin PBXShellScriptBuildPhase section */
		925E7794AD901E7CD31E5967 /* [CP] Check Pods Manifest.lock */ = {
			isa = PBXShellScriptBuildPhase;
			buildActionMask = 2147483647;
			files = (
			);
			inputPaths = (
				"${PODS_PODFILE_DIR_PATH}/Podfile.lock",
				"${PODS_ROOT}/Manifest.lock",
			);
			name = "[CP] Check Pods Manifest.lock";
			outputPaths = (
				"$(DERIVED_FILE_DIR)/Pods-Quiz-checkManifestLockResult.txt",
			);
			runOnlyForDeploymentPostprocessing = 0;
			shellPath = /bin/sh;
			shellScript = "diff \"${PODS_PODFILE_DIR_PATH}/Podfile.lock\" \"${PODS_ROOT}/Manifest.lock\" > /dev/null\nif [ $? != 0 ] ; then\n    # print error to STDERR\n    echo \"error: The sandbox is not in sync with the Podfile.lock. Run 'pod install' or update your CocoaPods installation.\" >&2\n    exit 1\nfi\n# This output is used by Xcode 'outputs' to avoid re-running this script phase.\necho \"SUCCESS\" > \"${SCRIPT_OUTPUT_FILE_0}\"\n";
			showEnvVarsInLog = 0;
		};
		A7C9AEC12D0F12AC77DF142D /* [CP] Embed Pods Frameworks */ = {
			isa = PBXShellScriptBuildPhase;
			buildActionMask = 2147483647;
			files = (
			);
			inputPaths = (
				"${PODS_ROOT}/Target Support Files/Pods-Quiz/Pods-Quiz-frameworks.sh",
				"${BUILT_PRODUCTS_DIR}/Kingfisher/Kingfisher.framework",
				"${BUILT_PRODUCTS_DIR}/SnapKit/SnapKit.framework",
			);
			name = "[CP] Embed Pods Frameworks";
			outputPaths = (
				"${TARGET_BUILD_DIR}/${FRAMEWORKS_FOLDER_PATH}/Kingfisher.framework",
				"${TARGET_BUILD_DIR}/${FRAMEWORKS_FOLDER_PATH}/SnapKit.framework",
			);
			runOnlyForDeploymentPostprocessing = 0;
			shellPath = /bin/sh;
			shellScript = "\"${PODS_ROOT}/Target Support Files/Pods-Quiz/Pods-Quiz-frameworks.sh\"\n";
			showEnvVarsInLog = 0;
		};
/* End PBXShellScriptBuildPhase section */

/* Begin PBXSourcesBuildPhase section */
		D629C5021EFBF31500378A52 /* Sources */ = {
			isa = PBXSourcesBuildPhase;
			buildActionMask = 2147483647;
			files = (
				D60FDBE91EFC103100C5D1E2 /* QuizCollectionViewCell.swift in Sources */,
				D6EBC7E11EFE8EEA009BF9F0 /* JSONFactory.swift in Sources */,
				D629C5301EFBF69C00378A52 /* Shuffle.swift in Sources */,
				D629C52C1EFBF65400378A52 /* Option.swift in Sources */,
				D629C52A1EFBF5F400378A52 /* Question.swift in Sources */,
				D629C5341EFBF6C900378A52 /* PresentingAnimator.swift in Sources */,
				D6EBC7E31EFF5D5D009BF9F0 /* Constant.swift in Sources */,
				D60FDBEB1EFC104400C5D1E2 /* QuizCollectionViewController.swift in Sources */,
				D629C50A1EFBF31500378A52 /* AppDelegate.swift in Sources */,
				D60FDBED1EFC105C00C5D1E2 /* QuizCollectionViewLayout.swift in Sources */,
				D629C5361EFBF6CF00378A52 /* DismissingAnimator.swift in Sources */,
				D629C5321EFBF6C000378A52 /* ModalViewController.swift in Sources */,
			);
			runOnlyForDeploymentPostprocessing = 0;
		};
/* End PBXSourcesBuildPhase section */

/* Begin PBXVariantGroup section */
		D629C50D1EFBF31500378A52 /* Main.storyboard */ = {
			isa = PBXVariantGroup;
			children = (
				D629C50E1EFBF31500378A52 /* Base */,
			);
			name = Main.storyboard;
			sourceTree = "<group>";
		};
		D629C5121EFBF31500378A52 /* LaunchScreen.storyboard */ = {
			isa = PBXVariantGroup;
			children = (
				D629C5131EFBF31500378A52 /* Base */,
			);
			name = LaunchScreen.storyboard;
			sourceTree = "<group>";
		};
/* End PBXVariantGroup section */

/* Begin XCBuildConfiguration section */
		D629C5211EFBF31600378A52 /* Debug */ = {
			isa = XCBuildConfiguration;
			buildSettings = {
				ALWAYS_SEARCH_USER_PATHS = NO;
				CLANG_ANALYZER_NONNULL = YES;
				CLANG_ANALYZER_NUMBER_OBJECT_CONVERSION = YES_AGGRESSIVE;
				CLANG_CXX_LANGUAGE_STANDARD = "gnu++0x";
				CLANG_CXX_LIBRARY = "libc++";
				CLANG_ENABLE_MODULES = YES;
				CLANG_ENABLE_OBJC_ARC = YES;
				CLANG_WARN_BLOCK_CAPTURE_AUTORELEASING = YES;
				CLANG_WARN_BOOL_CONVERSION = YES;
				CLANG_WARN_COMMA = YES;
				CLANG_WARN_CONSTANT_CONVERSION = YES;
				CLANG_WARN_DEPRECATED_OBJC_IMPLEMENTATIONS = YES;
				CLANG_WARN_DIRECT_OBJC_ISA_USAGE = YES_ERROR;
				CLANG_WARN_DOCUMENTATION_COMMENTS = YES;
				CLANG_WARN_EMPTY_BODY = YES;
				CLANG_WARN_ENUM_CONVERSION = YES;
				CLANG_WARN_INFINITE_RECURSION = YES;
				CLANG_WARN_INT_CONVERSION = YES;
				CLANG_WARN_NON_LITERAL_NULL_CONVERSION = YES;
				CLANG_WARN_OBJC_IMPLICIT_RETAIN_SELF = YES;
				CLANG_WARN_OBJC_LITERAL_CONVERSION = YES;
				CLANG_WARN_OBJC_ROOT_CLASS = YES_ERROR;
				CLANG_WARN_RANGE_LOOP_ANALYSIS = YES;
				CLANG_WARN_STRICT_PROTOTYPES = YES;
				CLANG_WARN_SUSPICIOUS_MOVE = YES;
				CLANG_WARN_UNREACHABLE_CODE = YES;
				CLANG_WARN__DUPLICATE_METHOD_MATCH = YES;
				"CODE_SIGN_IDENTITY[sdk=iphoneos*]" = "iPhone Developer";
				COPY_PHASE_STRIP = NO;
				DEBUG_INFORMATION_FORMAT = dwarf;
				ENABLE_STRICT_OBJC_MSGSEND = YES;
				ENABLE_TESTABILITY = YES;
				GCC_C_LANGUAGE_STANDARD = gnu99;
				GCC_DYNAMIC_NO_PIC = NO;
				GCC_NO_COMMON_BLOCKS = YES;
				GCC_OPTIMIZATION_LEVEL = 0;
				GCC_PREPROCESSOR_DEFINITIONS = (
					"DEBUG=1",
					"$(inherited)",
				);
				GCC_WARN_64_TO_32_BIT_CONVERSION = YES;
				GCC_WARN_ABOUT_RETURN_TYPE = YES_ERROR;
				GCC_WARN_UNDECLARED_SELECTOR = YES;
				GCC_WARN_UNINITIALIZED_AUTOS = YES_AGGRESSIVE;
				GCC_WARN_UNUSED_FUNCTION = YES;
				GCC_WARN_UNUSED_VARIABLE = YES;
				IPHONEOS_DEPLOYMENT_TARGET = 10.3;
				MTL_ENABLE_DEBUG_INFO = YES;
				ONLY_ACTIVE_ARCH = YES;
				SDKROOT = iphoneos;
				SWIFT_ACTIVE_COMPILATION_CONDITIONS = DEBUG;
				SWIFT_OPTIMIZATION_LEVEL = "-Onone";
				SWIFT_SWIFT3_OBJC_INFERENCE = Off;
			};
			name = Debug;
		};
		D629C5221EFBF31600378A52 /* Release */ = {
			isa = XCBuildConfiguration;
			buildSettings = {
				ALWAYS_SEARCH_USER_PATHS = NO;
				CLANG_ANALYZER_NONNULL = YES;
				CLANG_ANALYZER_NUMBER_OBJECT_CONVERSION = YES_AGGRESSIVE;
				CLANG_CXX_LANGUAGE_STANDARD = "gnu++0x";
				CLANG_CXX_LIBRARY = "libc++";
				CLANG_ENABLE_MODULES = YES;
				CLANG_ENABLE_OBJC_ARC = YES;
				CLANG_WARN_BLOCK_CAPTURE_AUTORELEASING = YES;
				CLANG_WARN_BOOL_CONVERSION = YES;
				CLANG_WARN_COMMA = YES;
				CLANG_WARN_CONSTANT_CONVERSION = YES;
				CLANG_WARN_DEPRECATED_OBJC_IMPLEMENTATIONS = YES;
				CLANG_WARN_DIRECT_OBJC_ISA_USAGE = YES_ERROR;
				CLANG_WARN_DOCUMENTATION_COMMENTS = YES;
				CLANG_WARN_EMPTY_BODY = YES;
				CLANG_WARN_ENUM_CONVERSION = YES;
				CLANG_WARN_INFINITE_RECURSION = YES;
				CLANG_WARN_INT_CONVERSION = YES;
				CLANG_WARN_NON_LITERAL_NULL_CONVERSION = YES;
				CLANG_WARN_OBJC_IMPLICIT_RETAIN_SELF = YES;
				CLANG_WARN_OBJC_LITERAL_CONVERSION = YES;
				CLANG_WARN_OBJC_ROOT_CLASS = YES_ERROR;
				CLANG_WARN_RANGE_LOOP_ANALYSIS = YES;
				CLANG_WARN_STRICT_PROTOTYPES = YES;
				CLANG_WARN_SUSPICIOUS_MOVE = YES;
				CLANG_WARN_UNREACHABLE_CODE = YES;
				CLANG_WARN__DUPLICATE_METHOD_MATCH = YES;
				"CODE_SIGN_IDENTITY[sdk=iphoneos*]" = "iPhone Developer";
				COPY_PHASE_STRIP = NO;
				DEBUG_INFORMATION_FORMAT = "dwarf-with-dsym";
				ENABLE_NS_ASSERTIONS = NO;
				ENABLE_STRICT_OBJC_MSGSEND = YES;
				GCC_C_LANGUAGE_STANDARD = gnu99;
				GCC_NO_COMMON_BLOCKS = YES;
				GCC_WARN_64_TO_32_BIT_CONVERSION = YES;
				GCC_WARN_ABOUT_RETURN_TYPE = YES_ERROR;
				GCC_WARN_UNDECLARED_SELECTOR = YES;
				GCC_WARN_UNINITIALIZED_AUTOS = YES_AGGRESSIVE;
				GCC_WARN_UNUSED_FUNCTION = YES;
				GCC_WARN_UNUSED_VARIABLE = YES;
				IPHONEOS_DEPLOYMENT_TARGET = 10.3;
				MTL_ENABLE_DEBUG_INFO = NO;
				SDKROOT = iphoneos;
				SWIFT_OPTIMIZATION_LEVEL = "-Owholemodule";
				SWIFT_SWIFT3_OBJC_INFERENCE = Off;
				VALIDATE_PRODUCT = YES;
			};
			name = Release;
		};
		D629C5241EFBF31600378A52 /* Debug */ = {
			isa = XCBuildConfiguration;
			baseConfigurationReference = FAFB85B5EC292DA0D33BC243 /* Pods-Quiz.debug.xcconfig */;
			buildSettings = {
				ASSETCATALOG_COMPILER_APPICON_NAME = AppIcon;
				CLANG_ENABLE_MODULES = YES;
				DEVELOPMENT_TEAM = 6HG44SDRA8;
				INFOPLIST_FILE = Quiz/Info.plist;
				LD_RUNPATH_SEARCH_PATHS = "$(inherited) @executable_path/Frameworks";
				PRODUCT_BUNDLE_IDENTIFIER = com.chinsyo.Quiz;
				PRODUCT_NAME = "$(TARGET_NAME)";
				SWIFT_OBJC_BRIDGING_HEADER = "Quiz/Quiz-Bridging-Header.h";
				SWIFT_OPTIMIZATION_LEVEL = "-Onone";
				SWIFT_SWIFT3_OBJC_INFERENCE = Off;
				SWIFT_VERSION = 4.2;
			};
			name = Debug;
		};
		D629C5251EFBF31600378A52 /* Release */ = {
			isa = XCBuildConfiguration;
			baseConfigurationReference = 4C9C71A38E4B225B115BB109 /* Pods-Quiz.release.xcconfig */;
			buildSettings = {
				ASSETCATALOG_COMPILER_APPICON_NAME = AppIcon;
				CLANG_ENABLE_MODULES = YES;
				DEVELOPMENT_TEAM = 6HG44SDRA8;
				INFOPLIST_FILE = Quiz/Info.plist;
				LD_RUNPATH_SEARCH_PATHS = "$(inherited) @executable_path/Frameworks";
				PRODUCT_BUNDLE_IDENTIFIER = com.chinsyo.Quiz;
				PRODUCT_NAME = "$(TARGET_NAME)";
				SWIFT_OBJC_BRIDGING_HEADER = "Quiz/Quiz-Bridging-Header.h";
				SWIFT_SWIFT3_OBJC_INFERENCE = Off;
				SWIFT_VERSION = 4.2;
			};
			name = Release;
		};
/* End XCBuildConfiguration section */

/* Begin XCConfigurationList section */
		D629C5011EFBF31500378A52 /* Build configuration list for PBXProject "Quiz" */ = {
			isa = XCConfigurationList;
			buildConfigurations = (
				D629C5211EFBF31600378A52 /* Debug */,
				D629C5221EFBF31600378A52 /* Release */,
			);
			defaultConfigurationIsVisible = 0;
			defaultConfigurationName = Release;
		};
		D629C5231EFBF31600378A52 /* Build configuration list for PBXNativeTarget "Quiz" */ = {
			isa = XCConfigurationList;
			buildConfigurations = (
				D629C5241EFBF31600378A52 /* Debug */,
				D629C5251EFBF31600378A52 /* Release */,
			);
			defaultConfigurationIsVisible = 0;
			defaultConfigurationName = Release;
		};
/* End XCConfigurationList section */
	};
	rootObject = D629C4FE1EFBF31500378A52 /* Project object */;
}
